{
  "name": "DAPPBANK",
  "lockfileVersion": 3,
  "requires": true,
  "packages": {
    "": {
      "dependencies": {
        "uws": "^10.148.1"
      }
    },
    "node_modules/uws": {
      "version": "10.148.1",
      "resolved": "https://registry.npmjs.org/uws/-/uws-10.148.1.tgz",
      "integrity": "sha512-u19vxJv5Qugg318oARx5s53Rboz8n6B45rGZ73x5Qfe57cIPqWm3yBh04SkxXPGaF3S/DowdPROp+sTEv+Dc7w==",
      "deprecated": "New code is available at github.com/uNetworking/uWebSockets.js",
      "license": "Zlib",
      "engines": {
        "node": ">=8"
      }
    }
  }
}
